// !$*UTF8*$!
{
	archiveVersion = 1;
	classes = {
	};
	objectVersion = 50;
	objects = {

/* Begin PBXBuildFile section */
		A1DD3FA822CB733C00E14F3B /* AppDelegate.swift in Sources */ = {isa = PBXBuildFile; fileRef = A1DD3FA722CB733C00E14F3B /* AppDelegate.swift */; };
		A1DD3FAA22CB733D00E14F3B /* SceneDelegate.swift in Sources */ = {isa = PBXBuildFile; fileRef = A1DD3FA922CB733D00E14F3B /* SceneDelegate.swift */; };
		A1DD3FAC22CB733D00E14F3B /* ContentView.swift in Sources */ = {isa = PBXBuildFile; fileRef = A1DD3FAB22CB733D00E14F3B /* ContentView.swift */; };
		A1DD3FAE22CB734000E14F3B /* Assets.xcassets in Resources */ = {isa = PBXBuildFile; fileRef = A1DD3FAD22CB734000E14F3B /* Assets.xcassets */; };
		A1DD3FB122CB734000E14F3B /* Preview Assets.xcassets in Resources */ = {isa = PBXBuildFile; fileRef = A1DD3FB022CB734000E14F3B /* Preview Assets.xcassets */; };
		A1DD3FB422CB734000E14F3B /* LaunchScreen.storyboard in Resources */ = {isa = PBXBuildFile; fileRef = A1DD3FB222CB734000E14F3B /* LaunchScreen.storyboard */; };
/* End PBXBuildFile section */

/* Begin PBXFileReference section */
		A1DD3FA422CB733C00E14F3B /* friendcal.app */ = {isa = PBXFileReference; explicitFileType = wrapper.application; includeInIndex = 0; path = friendcal.app; sourceTree = BUILT_PRODUCTS_DIR; };
		A1DD3FA722CB733C00E14F3B /* AppDelegate.swift */ = {isa = PBXFileReference; lastKnownFileType = sourcecode.swift; path = AppDelegate.swift; sourceTree = "<group>"; };
		A1DD3FA922CB733D00E14F3B /* SceneDelegate.swift */ = {isa = PBXFileReference; lastKnownFileType = sourcecode.swift; path = SceneDelegate.swift; sourceTree = "<group>"; };
		A1DD3FAB22CB733D00E14F3B /* ContentView.swift */ = {isa = PBXFileReference; lastKnownFileType = sourcecode.swift; path = ContentView.swift; sourceTree = "<group>"; };
		A1DD3FAD22CB734000E14F3B /* Assets.xcassets */ = {isa = PBXFileReference; lastKnownFileType = folder.assetcatalog; path = Assets.xcassets; sourceTree = "<group>"; };
		A1DD3FB022CB734000E14F3B /* Preview Assets.xcassets */ = {isa = PBXFileReference; lastKnownFileType = folder.assetcatalog; path = "Preview Assets.xcassets"; sourceTree = "<group>"; };
		A1DD3FB322CB734000E14F3B /* Base */ = {isa = PBXFileReference; lastKnownFileType = file.storyboard; name = Base; path = Base.lproj/LaunchScreen.storyboard; sourceTree = "<group>"; };
		A1DD3FB522CB734000E14F3B /* Info.plist */ = {isa = PBXFileReference; lastKnownFileType = text.plist.xml; path = Info.plist; sourceTree = "<group>"; };
/* End PBXFileReference section */

/* Begin PBXFrameworksBuildPhase section */
		A1DD3FA122CB733C00E14F3B /* Frameworks */ = {
			isa = PBXFrameworksBuildPhase;
			buildActionMask = 2147483647;
			files = (
			);
			runOnlyForDeploymentPostprocessing = 0;
		};
/* End PBXFrameworksBuildPhase section */

/* Begin PBXGroup section */
		A1DD3F9B22CB733C00E14F3B = {
			isa = PBXGroup;
			children = (
				A1DD3FA622CB733C00E14F3B /* friendcal */,
				A1DD3FA522CB733C00E14F3B /* Products */,
			);
			sourceTree = "<group>";
		};
		A1DD3FA522CB733C00E14F3B /* Products */ = {
			isa = PBXGroup;
			children = (
				A1DD3FA422CB733C00E14F3B /* friendcal.app */,
			);
			name = Products;
			sourceTree = "<group>";
		};
		A1DD3FA622CB733C00E14F3B /* friendcal */ = {
			isa = PBXGroup;
			children = (
				A1DD3FA722CB733C00E14F3B /* AppDelegate.swift */,
				A1DD3FA922CB733D00E14F3B /* SceneDelegate.swift */,
				A1DD3FAB22CB733D00E14F3B /* ContentView.swift */,
				A1DD3FAD22CB734000E14F3B /* Assets.xcassets */,
				A1DD3FB222CB734000E14F3B /* LaunchScreen.storyboard */,
				A1DD3FB522CB734000E14F3B /* Info.plist */,
				A1DD3FAF22CB734000E14F3B /* Preview Content */,
			);
			path = friendcal;
			sourceTree = "<group>";
		};
		A1DD3FAF22CB734000E14F3B /* Preview Content */ = {
			isa = PBXGroup;
			children = (
				A1DD3FB022CB734000E14F3B /* Preview Assets.xcassets */,
			);
			path = "Preview Content";
			sourceTree = "<group>";
		};
/* End PBXGroup section */

/* Begin PBXNativeTarget section */
		A1DD3FA322CB733C00E14F3B /* friendcal */ = {
			isa = PBXNativeTarget;
			buildConfigurationList = A1DD3FB822CB734000E14F3B /* Build configuration list for PBXNativeTarget "friendcal" */;
			buildPhases = (
				A1DD3FA022CB733C00E14F3B /* Sources */,
				A1DD3FA122CB733C00E14F3B /* Frameworks */,
				A1DD3FA222CB733C00E14F3B /* Resources */,
			);
			buildRules = (
			);
			dependencies = (
			);
			name = friendcal;
			productName = friendcal;
			productReference = A1DD3FA422CB733C00E14F3B /* friendcal.app */;
			productType = "com.apple.product-type.application";
		};
/* End PBXNativeTarget section */

/* Begin PBXProject section */
		A1DD3F9C22CB733C00E14F3B /* Project object */ = {
			isa = PBXProject;
			attributes = {
				LastSwiftUpdateCheck = 1100;
				LastUpgradeCheck = 1100;
				ORGANIZATIONNAME = "Steam Mode";
				TargetAttributes = {
					A1DD3FA322CB733C00E14F3B = {
						CreatedOnToolsVersion = 11.0;
					};
				};
			};
			buildConfigurationList = A1DD3F9F22CB733C00E14F3B /* Build configuration list for PBXProject "friendcal" */;
			compatibilityVersion = "Xcode 9.3";
			developmentRegion = en;
			hasScannedForEncodings = 0;
			knownRegions = (
				en,
				Base,
			);
			mainGroup = A1DD3F9B22CB733C00E14F3B;
			productRefGroup = A1DD3FA522CB733C00E14F3B /* Products */;
			projectDirPath = "";
			projectRoot = "";
			targets = (
				A1DD3FA322CB733C00E14F3B /* friendcal */,
			);
		};
/* End PBXProject section */

/* Begin PBXResourcesBuildPhase section */
		A1DD3FA222CB733C00E14F3B /* Resources */ = {
			isa = PBXResourcesBuildPhase;
			buildActionMask = 2147483647;
			files = (
				A1DD3FB422CB734000E14F3B /* LaunchScreen.storyboard in Resources */,
				A1DD3FB122CB734000E14F3B /* Preview Assets.xcassets in Resources */,
				A1DD3FAE22CB734000E14F3B /* Assets.xcassets in Resources */,
			);
			runOnlyForDeploymentPostprocessing = 0;
		};
/* End PBXResourcesBuildPhase section */

/* Begin PBXSourcesBuildPhase section */
		A1DD3FA022CB733C00E14F3B /* Sources */ = {
			isa = PBXSourcesBuildPhase;
			buildActionMask = 2147483647;
			files = (
				A1DD3FA822CB733C00E14F3B /* AppDelegate.swift in Sources */,
				A1DD3FAA22CB733D00E14F3B /* SceneDelegate.swift in Sources */,
				A1DD3FAC22CB733D00E14F3B /* ContentView.swift in Sources */,
			);
			runOnlyForDeploymentPostprocessing = 0;
		};
/* End PBXSourcesBuildPhase section */

/* Begin PBXVariantGroup section */
		A1DD3FB222CB734000E14F3B /* LaunchScreen.storyboard */ = {
			isa = PBXVariantGroup;
			children = (
				A1DD3FB322CB734000E14F3B /* Base */,
			);
			name = LaunchScreen.storyboard;
			sourceTree = "<group>";
		};
/* End PBXVariantGroup section */

/* Begin XCBuildConfiguration section */
		A1DD3FB622CB734000E14F3B /* Debug */ = {
			isa = XCBuildConfiguration;
			buildSettings = {
				ALWAYS_SEARCH_USER_PATHS = NO;
				CLANG_ANALYZER_NONNULL = YES;
				CLANG_ANALYZER_NUMBER_OBJECT_CONVERSION = YES_AGGRESSIVE;
				CLANG_CXX_LANGUAGE_STANDARD = "gnu++14";
				CLANG_CXX_LIBRARY = "libc++";
				CLANG_ENABLE_MODULES = YES;
				CLANG_ENABLE_OBJC_ARC = YES;
				CLANG_ENABLE_OBJC_WEAK = YES;
				CLANG_WARN_BLOCK_CAPTURE_AUTORELEASING = YES;
				CLANG_WARN_BOOL_CONVERSION = YES;
				CLANG_WARN_COMMA = YES;
				CLANG_WARN_CONSTANT_CONVERSION = YES;
				CLANG_WARN_DEPRECATED_OBJC_IMPLEMENTATIONS = YES;
				CLANG_WARN_DIRECT_OBJC_ISA_USAGE = YES_ERROR;
				CLANG_WARN_DOCUMENTATION_COMMENTS = YES;
				CLANG_WARN_EMPTY_BODY = YES;
				CLANG_WARN_ENUM_CONVERSION = YES;
				CLANG_WARN_INFINITE_RECURSION = YES;
				CLANG_WARN_INT_CONVERSION = YES;
				CLANG_WARN_NON_LITERAL_NULL_CONVERSION = YES;
				CLANG_WARN_OBJC_IMPLICIT_RETAIN_SELF = YES;
				CLANG_WARN_OBJC_LITERAL_CONVERSION = YES;
				CLANG_WARN_OBJC_ROOT_CLASS = YES_ERROR;
				CLANG_WARN_RANGE_LOOP_ANALYSIS = YES;
				CLANG_WARN_STRICT_PROTOTYPES = YES;
				CLANG_WARN_SUSPICIOUS_MOVE = YES;
				CLANG_WARN_UNGUARDED_AVAILABILITY = YES_AGGRESSIVE;
				CLANG_WARN_UNREACHABLE_CODE = YES;
				CLANG_WARN__DUPLICATE_METHOD_MATCH = YES;
				COPY_PHASE_STRIP = NO;
				DEBUG_INFORMATION_FORMAT = dwarf;
				ENABLE_STRICT_OBJC_MSGSEND = YES;
				ENABLE_TESTABILITY = YES;
				GCC_C_LANGUAGE_STANDARD = gnu11;
				GCC_DYNAMIC_NO_PIC = NO;
				GCC_NO_COMMON_BLOCKS = YES;
				GCC_OPTIMIZATION_LEVEL = 0;
				GCC_PREPROCESSOR_DEFINITIONS = (
					"DEBUG=1",
					"$(inherited)",
				);
				GCC_WARN_64_TO_32_BIT_CONVERSION = YES;
				GCC_WARN_ABOUT_RETURN_TYPE = YES_ERROR;
				GCC_WARN_UNDECLARED_SELECTOR = YES;
				GCC_WARN_UNINITIALIZED_AUTOS = YES_AGGRESSIVE;
				GCC_WARN_UNUSED_FUNCTION = YES;
				GCC_WARN_UNUSED_VARIABLE = YES;
				IPHONEOS_DEPLOYMENT_TARGET = 13.0;
				MTL_ENABLE_DEBUG_INFO = INCLUDE_SOURCE;
				MTL_FAST_MATH = YES;
				ONLY_ACTIVE_ARCH = YES;
				SDKROOT = iphoneos;
				SWIFT_ACTIVE_COMPILATION_CONDITIONS = DEBUG;
				SWIFT_OPTIMIZATION_LEVEL = "-Onone";
			};
			name = Debug;
		};
		A1DD3FB722CB734000E14F3B /* Release */ = {
			isa = XCBuildConfiguration;
			buildSettings = {
				ALWAYS_SEARCH_USER_PATHS = NO;
				CLANG_ANALYZER_NONNULL = YES;
				CLANG_ANALYZER_NUMBER_OBJECT_CONVERSION = YES_AGGRESSIVE;
				CLANG_CXX_LANGUAGE_STANDARD = "gnu++14";
				CLANG_CXX_LIBRARY = "libc++";
				CLANG_ENABLE_MODULES = YES;
				CLANG_ENABLE_OBJC_ARC = YES;
				CLANG_ENABLE_OBJC_WEAK = YES;
				CLANG_WARN_BLOCK_CAPTURE_AUTORELEASING = YES;
				CLANG_WARN_BOOL_CONVERSION = YES;
				CLANG_WARN_COMMA = YES;
				CLANG_WARN_CONSTANT_CONVERSION = YES;
				CLANG_WARN_DEPRECATED_OBJC_IMPLEMENTATIONS = YES;
				CLANG_WARN_DIRECT_OBJC_ISA_USAGE = YES_ERROR;
				CLANG_WARN_DOCUMENTATION_COMMENTS = YES;
				CLANG_WARN_EMPTY_BODY = YES;
				CLANG_WARN_ENUM_CONVERSION = YES;
				CLANG_WARN_INFINITE_RECURSION = YES;
				CLANG_WARN_INT_CONVERSION = YES;
				CLANG_WARN_NON_LITERAL_NULL_CONVERSION = YES;
				CLANG_WARN_OBJC_IMPLICIT_RETAIN_SELF = YES;
				CLANG_WARN_OBJC_LITERAL_CONVERSION = YES;
				CLANG_WARN_OBJC_ROOT_CLASS = YES_ERROR;
				CLANG_WARN_RANGE_LOOP_ANALYSIS = YES;
				CLANG_WARN_STRICT_PROTOTYPES = YES;
				CLANG_WARN_SUSPICIOUS_MOVE = YES;
				CLANG_WARN_UNGUARDED_AVAILABILITY = YES_AGGRESSIVE;
				CLANG_WARN_UNREACHABLE_CODE = YES;
				CLANG_WARN__DUPLICATE_METHOD_MATCH = YES;
				COPY_PHASE_STRIP = NO;
				DEBUG_INFORMATION_FORMAT = "dwarf-with-dsym";
				ENABLE_NS_ASSERTIONS = NO;
				ENABLE_STRICT_OBJC_MSGSEND = YES;
				GCC_C_LANGUAGE_STANDARD = gnu11;
				GCC_NO_COMMON_BLOCKS = YES;
				GCC_WARN_64_TO_32_BIT_CONVERSION = YES;
				GCC_WARN_ABOUT_RETURN_TYPE = YES_ERROR;
				GCC_WARN_UNDECLARED_SELECTOR = YES;
				GCC_WARN_UNINITIALIZED_AUTOS = YES_AGGRESSIVE;
				GCC_WARN_UNUSED_FUNCTION = YES;
				GCC_WARN_UNUSED_VARIABLE = YES;
				IPHONEOS_DEPLOYMENT_TARGET = 13.0;
				MTL_ENABLE_DEBUG_INFO = NO;
				MTL_FAST_MATH = YES;
				SDKROOT = iphoneos;
				SWIFT_COMPILATION_MODE = wholemodule;
				SWIFT_OPTIMIZATION_LEVEL = "-O";
				VALIDATE_PRODUCT = YES;
			};
			name = Release;
		};
		A1DD3FB922CB734000E14F3B /* Debug */ = {
			isa = XCBuildConfiguration;
			buildSettings = {
				ASSETCATALOG_COMPILER_APPICON_NAME = AppIcon;
				CODE_SIGN_STYLE = Automatic;
				DEVELOPMENT_ASSET_PATHS = "friendcal/Preview\\ Content";
				DEVELOPMENT_TEAM = 3L7H8VVRDT;
				ENABLE_PREVIEWS = YES;
				INFOPLIST_FILE = friendcal/Info.plist;
				LD_RUNPATH_SEARCH_PATHS = (
					"$(inherited)",
					"@executable_path/Frameworks",
				);
				PRODUCT_BUNDLE_IDENTIFIER = com.zipsteam.friendcal;
				PRODUCT_NAME = "$(TARGET_NAME)";
				SWIFT_VERSION = 5.0;
				TARGETED_DEVICE_FAMILY = "1,2";
			};
			name = Debug;
		};
		A1DD3FBA22CB734000E14F3B /* Release */ = {
			isa = XCBuildConfiguration;
			buildSettings = {
				ASSETCATALOG_COMPILER_APPICON_NAME = AppIcon;
				CODE_SIGN_STYLE = Automatic;
				DEVELOPMENT_ASSET_PATHS = "friendcal/Preview\\ Content";
				DEVELOPMENT_TEAM = 3L7H8VVRDT;
				ENABLE_PREVIEWS = YES;
				INFOPLIST_FILE = friendcal/Info.plist;
				LD_RUNPATH_SEARCH_PATHS = (
					"$(inherited)",
					"@executable_path/Frameworks",
				);
				PRODUCT_BUNDLE_IDENTIFIER = com.zipsteam.friendcal;
				PRODUCT_NAME = "$(TARGET_NAME)";
				SWIFT_VERSION = 5.0;
				TARGETED_DEVICE_FAMILY = "1,2";
			};
			name = Release;
		};
/* End XCBuildConfiguration section */

/* Begin XCConfigurationList section */
		A1DD3F9F22CB733C00E14F3B /* Build configuration list for PBXProject "friendcal" */ = {
			isa = XCConfigurationList;
			buildConfigurations = (
				A1DD3FB622CB734000E14F3B /* Debug */,
				A1DD3FB722CB734000E14F3B /* Release */,
			);
			defaultConfigurationIsVisible = 0;
			defaultConfigurationName = Release;
		};
		A1DD3FB822CB734000E14F3B /* Build configuration list for PBXNativeTarget "friendcal" */ = {
			isa = XCConfigurationList;
			buildConfigurations = (
				A1DD3FB922CB734000E14F3B /* Debug */,
				A1DD3FBA22CB734000E14F3B /* Release */,
			);
			defaultConfigurationIsVisible = 0;
			defaultConfigurationName = Release;
		};
/* End XCConfigurationList section */
	};
	rootObject = A1DD3F9C22CB733C00E14F3B /* Project object */;
}
